
Microsoft Visual Studio Solution File, Format Version 12.00
# Visual Studio Version 16
VisualStudioVersion = 16.0.31205.134
MinimumVisualStudioVersion = 10.0.40219.1
Project("{9A19103F-16F7-4668-BE54-9A1E7A4F7556}") = "FindMaxSum", "FindMaxSum.csproj", "{96965A37-7143-421F-8E26-F3E671A04C9D}"
EndProject
Project("{FAE04EC0-301F-11D3-BF4B-00C04F79EFBC}") = "FindMaxSumTest", "..\FindMaxSumTest\FindMaxSumTest.csproj", "{564C3C30-B846-44DB-8541-055D80E920FD}"
EndProject
Global
	GlobalSection(SolutionConfigurationPlatforms) = preSolution
		Debug|Any CPU = Debug|Any CPU
		Release|Any CPU = Release|Any CPU
	EndGlobalSection
	GlobalSection(ProjectConfigurationPlatforms) = postSolution
		{96965A37-7143-421F-8E26-F3E671A04C9D}.Debug|Any CPU.ActiveCfg = Debug|Any CPU
		{96965A37-7143-421F-8E26-F3E671A04C9D}.Debug|Any CPU.Build.0 = Debug|Any CPU
		{96965A37-7143-421F-8E26-F3E671A04C9D}.Release|Any CPU.ActiveCfg = Release|Any CPU
		{96965A37-7143-421F-8E26-F3E671A04C9D}.Release|Any CPU.Build.0 = Release|Any CPU
		{564C3C30-B846-44DB-8541-055D80E920FD}.Debug|Any CPU.ActiveCfg = Debug|Any CPU
		{564C3C30-B846-44DB-8541-055D80E920FD}.Debug|Any CPU.Build.0 = Debug|Any CPU
		{564C3C30-B846-44DB-8541-055D80E920FD}.Release|Any CPU.ActiveCfg = Release|Any CPU
		{564C3C30-B846-44DB-8541-055D80E920FD}.Release|Any CPU.Build.0 = Release|Any CPU
	EndGlobalSection
	GlobalSection(SolutionProperties) = preSolution
		HideSolutionNode = FALSE
	EndGlobalSection
	GlobalSection(ExtensibilityGlobals) = postSolution
		SolutionGuid = {35AB7EFD-ACB2-48B6-B57D-2D87A84F1A2B}
	EndGlobalSection
EndGlobal
